
Microsoft Visual Studio Solution File, Format Version 12.00
# Visual Studio Version 17
VisualStudioVersion = 17.6.33723.286
MinimumVisualStudioVersion = 10.0.40219.1
Project("{FAE04EC0-301F-11D3-BF4B-00C04F79EFBC}") = "BanHangOnl", "BanHangOnl\BanHangOnl.csproj", "{1DA6F4D7-1492-4620-9FDA-C07645294BCC}"
EndProject
Global
	GlobalSection(SolutionConfigurationPlatforms) = preSolution
		Debug|Any CPU = Debug|Any CPU
		Release|Any CPU = Release|Any CPU
	EndGlobalSection
	GlobalSection(ProjectConfigurationPlatforms) = postSolution
		{1DA6F4D7-1492-4620-9FDA-C07645294BCC}.Debug|Any CPU.ActiveCfg = Debug|Any CPU
		{1DA6F4D7-1492-4620-9FDA-C07645294BCC}.Debug|Any CPU.Build.0 = Debug|Any CPU
		{1DA6F4D7-1492-4620-9FDA-C07645294BCC}.Release|Any CPU.ActiveCfg = Release|Any CPU
		{1DA6F4D7-1492-4620-9FDA-C07645294BCC}.Release|Any CPU.Build.0 = Release|Any CPU
	EndGlobalSection
	GlobalSection(SolutionProperties) = preSolution
		HideSolutionNode = FALSE
	EndGlobalSection
	GlobalSection(ExtensibilityGlobals) = postSolution
		SolutionGuid = {763F5916-E58A-40C3-BD0E-DD2F3C19443D}
	EndGlobalSection
EndGlobal
